
Microsoft Visual Studio Solution File, Format Version 12.00
# Visual Studio Version 17
VisualStudioVersion = 17.8.34330.188
MinimumVisualStudioVersion = 10.0.40219.1
Project("{FAE04EC0-301F-11D3-BF4B-00C04F79EFBC}") = "mod2_les8_task1", "mod2_les8_task1\mod2_les8_task1.csproj", "{D7309E47-FCF9-4D0E-A356-E7ABA9231217}"
EndProject
Global
	GlobalSection(SolutionConfigurationPlatforms) = preSolution
		Debug|Any CPU = Debug|Any CPU
		Release|Any CPU = Release|Any CPU
	EndGlobalSection
	GlobalSection(ProjectConfigurationPlatforms) = postSolution
		{D7309E47-FCF9-4D0E-A356-E7ABA9231217}.Debug|Any CPU.ActiveCfg = Debug|Any CPU
		{D7309E47-FCF9-4D0E-A356-E7ABA9231217}.Debug|Any CPU.Build.0 = Debug|Any CPU
		{D7309E47-FCF9-4D0E-A356-E7ABA9231217}.Release|Any CPU.ActiveCfg = Release|Any CPU
		{D7309E47-FCF9-4D0E-A356-E7ABA9231217}.Release|Any CPU.Build.0 = Release|Any CPU
	EndGlobalSection
	GlobalSection(SolutionProperties) = preSolution
		HideSolutionNode = FALSE
	EndGlobalSection
	GlobalSection(ExtensibilityGlobals) = postSolution
		SolutionGuid = {038D7FD1-6CB4-490E-A775-F8B3BE4F15BA}
	EndGlobalSection
EndGlobal
